PODS:
  - Ents (3.0.2)
  - KVCDerivates (2.1):
    - LKVCKit
    - RepresentationKit
  - LKVCKit (2.0):
    - Ents
  - RepresentationKit (2.0)

DEPENDENCIES:
  - Ents (from `https://github.com/averello/Ents.git`)
  - KVCDerivates (from `../`)
  - LKVCKit (from `https://github.com/averello/LKVCKit.git`)
  - RepresentationKit (from `https://github.com/averello/RepresentationKit.git`)

EXTERNAL SOURCES:
  Ents:
    :git: https://github.com/averello/Ents.git
  KVCDerivates:
    :path: "../"
  LKVCKit:
    :git: https://github.com/averello/LKVCKit.git
  RepresentationKit:
    :git: https://github.com/averello/RepresentationKit.git

CHECKOUT OPTIONS:
  Ents:
    :commit: 0fe24694f29439d730a4d4f9cae6b47c4a571d1c
    :git: https://github.com/averello/Ents.git
  LKVCKit:
    :commit: 57b961b964cc65e575e9bb57da03921fa2c720d2
    :git: https://github.com/averello/LKVCKit.git
  RepresentationKit:
    :commit: fc44c427ad7ee9c41b52248fd237e63a7dc59406
    :git: https://github.com/averello/RepresentationKit.git

SPEC CHECKSUMS:
  Ents: ba6f1580477df17aca1ea671975ab17789a05e98
  KVCDerivates: 9d685ae558915c461522812d30ee0e6226b1afc2
  LKVCKit: 7732f7e85c3107f35a9d9317c772bef06c77939d
  RepresentationKit: 13e70a642c8f6ff8ea045b76cbe7814d443e735d

PODFILE CHECKSUM: 2a1bbb8214f76c82cc535be29a91ce57fb745122

COCOAPODS: 1.5.0
