PODS:
  - Ents (2.0.1)
  - KVCDerivates (2.0):
    - LKVCKit
    - RepresentationKit
  - LKVCKit (2.0):
    - Ents
  - RepresentationKit (1.1.4)

DEPENDENCIES:
  - Ents (from `https://github.com/averello/Ents.git`, branch `feature/swift4`)
  - KVCDerivates (from `../`)
  - LKVCKit (from `https://github.com/averello/LKVCKit.git`, branch `feature/swift4`)
  - RepresentationKit (from `https://github.com/averello/RepresentationKit.git`, branch `feature/swift4`)

EXTERNAL SOURCES:
  Ents:
    :branch: feature/swift4
    :git: https://github.com/averello/Ents.git
  KVCDerivates:
    :path: "../"
  LKVCKit:
    :branch: feature/swift4
    :git: https://github.com/averello/LKVCKit.git
  RepresentationKit:
    :branch: feature/swift4
    :git: https://github.com/averello/RepresentationKit.git

CHECKOUT OPTIONS:
  Ents:
    :commit: 2e1ebe3f5b29191034476aa4d5b6f7ac5a0a66cd
    :git: https://github.com/averello/Ents.git
  LKVCKit:
    :commit: 57b961b964cc65e575e9bb57da03921fa2c720d2
    :git: https://github.com/averello/LKVCKit.git
  RepresentationKit:
    :commit: 8fbcb72326485baf98d908595e159c9dbc55dc3d
    :git: https://github.com/averello/RepresentationKit.git

SPEC CHECKSUMS:
  Ents: be561facca59ddd5c73181c66cdd904ffe496079
  KVCDerivates: 8a35bee75327607776243e5c02a29cd9ed9b30d0
  LKVCKit: 7732f7e85c3107f35a9d9317c772bef06c77939d
  RepresentationKit: 1ae7749916ed014403db30f3d38204d7e000dbd1

PODFILE CHECKSUM: 0ded36989713b976cba94faa652159c510115676

COCOAPODS: 1.2.1
